// !$*UTF8*$!
{
	archiveVersion = 1;
	classes = {
	};
	objectVersion = 77;
	objects = {

/* Begin PBXContainerItemProxy section */
		27E895B32DE5182100CED508 /* PBXContainerItemProxy */ = {
			isa = PBXContainerItemProxy;
			containerPortal = 27E8958F2DE5181F00CED508 /* Project object */;
			proxyType = 1;
			remoteGlobalIDString = 27E895962DE5181F00CED508;
			remoteInfo = "Lec-5";
		};
		27E895BD2DE5182100CED508 /* PBXContainerItemProxy */ = {
			isa = PBXContainerItemProxy;
			containerPortal = 27E8958F2DE5181F00CED508 /* Project object */;
			proxyType = 1;
			remoteGlobalIDString = 27E895962DE5181F00CED508;
			remoteInfo = "Lec-5";
		};
/* End PBXContainerItemProxy section */

/* Begin PBXFileReference section */
		27E895972DE5181F00CED508 /* Lec-5.app */ = {isa = PBXFileReference; explicitFileType = wrapper.application; includeInIndex = 0; path = "Lec-5.app"; sourceTree = BUILT_PRODUCTS_DIR; };
		27E895B22DE5182100CED508 /* Lec-5Tests.xctest */ = {isa = PBXFileReference; explicitFileType = wrapper.cfbundle; includeInIndex = 0; path = "Lec-5Tests.xctest"; sourceTree = BUILT_PRODUCTS_DIR; };
		27E895BC2DE5182100CED508 /* Lec-5UITests.xctest */ = {isa = PBXFileReference; explicitFileType = wrapper.cfbundle; includeInIndex = 0; path = "Lec-5UITests.xctest"; sourceTree = BUILT_PRODUCTS_DIR; };
/* End PBXFileReference section */

/* Begin PBXFileSystemSynchronizedBuildFileExceptionSet section */
		27E895C42DE5182100CED508 /* Exceptions for "Lec-5" folder in "Lec-5" target */ = {
			isa = PBXFileSystemSynchronizedBuildFileExceptionSet;
			membershipExceptions = (
				Info.plist,
			);
			target = 27E895962DE5181F00CED508 /* Lec-5 */;
		};
/* End PBXFileSystemSynchronizedBuildFileExceptionSet section */

/* Begin PBXFileSystemSynchronizedRootGroup section */
		27E895992DE5181F00CED508 /* Lec-5 */ = {
			isa = PBXFileSystemSynchronizedRootGroup;
			exceptions = (
				27E895C42DE5182100CED508 /* Exceptions for "Lec-5" folder in "Lec-5" target */,
			);
			path = "Lec-5";
			sourceTree = "<group>";
		};
		27E895B52DE5182100CED508 /* Lec-5Tests */ = {
			isa = PBXFileSystemSynchronizedRootGroup;
			path = "Lec-5Tests";
			sourceTree = "<group>";
		};
		27E895BF2DE5182100CED508 /* Lec-5UITests */ = {
			isa = PBXFileSystemSynchronizedRootGroup;
			path = "Lec-5UITests";
			sourceTree = "<group>";
		};
/* End PBXFileSystemSynchronizedRootGroup section */

/* Begin PBXFrameworksBuildPhase section */
		27E895942DE5181F00CED508 /* Frameworks */ = {
			isa = PBXFrameworksBuildPhase;
			buildActionMask = 2147483647;
			files = (
			);
			runOnlyForDeploymentPostprocessing = 0;
		};
		27E895AF2DE5182100CED508 /* Frameworks */ = {
			isa = PBXFrameworksBuildPhase;
			buildActionMask = 2147483647;
			files = (
			);
			runOnlyForDeploymentPostprocessing = 0;
		};
		27E895B92DE5182100CED508 /* Frameworks */ = {
			isa = PBXFrameworksBuildPhase;
			buildActionMask = 2147483647;
			files = (
			);
			runOnlyForDeploymentPostprocessing = 0;
		};
/* End PBXFrameworksBuildPhase section */

/* Begin PBXGroup section */
		27E8958E2DE5181F00CED508 = {
			isa = PBXGroup;
			children = (
				27E895992DE5181F00CED508 /* Lec-5 */,
				27E895B52DE5182100CED508 /* Lec-5Tests */,
				27E895BF2DE5182100CED508 /* Lec-5UITests */,
				27E895982DE5181F00CED508 /* Products */,
			);
			sourceTree = "<group>";
		};
		27E895982DE5181F00CED508 /* Products */ = {
			isa = PBXGroup;
			children = (
				27E895972DE5181F00CED508 /* Lec-5.app */,
				27E895B22DE5182100CED508 /* Lec-5Tests.xctest */,
				27E895BC2DE5182100CED508 /* Lec-5UITests.xctest */,
			);
			name = Products;
			sourceTree = "<group>";
		};
/* End PBXGroup section */

/* Begin PBXNativeTarget section */
		27E895962DE5181F00CED508 /* Lec-5 */ = {
			isa = PBXNativeTarget;
			buildConfigurationList = 27E895C52DE5182100CED508 /* Build configuration list for PBXNativeTarget "Lec-5" */;
			buildPhases = (
				27E895932DE5181F00CED508 /* Sources */,
				27E895942DE5181F00CED508 /* Frameworks */,
				27E895952DE5181F00CED508 /* Resources */,
			);
			buildRules = (
			);
			dependencies = (
			);
			fileSystemSynchronizedGroups = (
				27E895992DE5181F00CED508 /* Lec-5 */,
			);
			name = "Lec-5";
			packageProductDependencies = (
			);
			productName = "Lec-5";
			productReference = 27E895972DE5181F00CED508 /* Lec-5.app */;
			productType = "com.apple.product-type.application";
		};
		27E895B12DE5182100CED508 /* Lec-5Tests */ = {
			isa = PBXNativeTarget;
			buildConfigurationList = 27E895CA2DE5182100CED508 /* Build configuration list for PBXNativeTarget "Lec-5Tests" */;
			buildPhases = (
				27E895AE2DE5182100CED508 /* Sources */,
				27E895AF2DE5182100CED508 /* Frameworks */,
				27E895B02DE5182100CED508 /* Resources */,
			);
			buildRules = (
			);
			dependencies = (
				27E895B42DE5182100CED508 /* PBXTargetDependency */,
			);
			fileSystemSynchronizedGroups = (
				27E895B52DE5182100CED508 /* Lec-5Tests */,
			);
			name = "Lec-5Tests";
			packageProductDependencies = (
			);
			productName = "Lec-5Tests";
			productReference = 27E895B22DE5182100CED508 /* Lec-5Tests.xctest */;
			productType = "com.apple.product-type.bundle.unit-test";
		};
		27E895BB2DE5182100CED508 /* Lec-5UITests */ = {
			isa = PBXNativeTarget;
			buildConfigurationList = 27E895CD2DE5182100CED508 /* Build configuration list for PBXNativeTarget "Lec-5UITests" */;
			buildPhases = (
				27E895B82DE5182100CED508 /* Sources */,
				27E895B92DE5182100CED508 /* Frameworks */,
				27E895BA2DE5182100CED508 /* Resources */,
			);
			buildRules = (
			);
			dependencies = (
				27E895BE2DE5182100CED508 /* PBXTargetDependency */,
			);
			fileSystemSynchronizedGroups = (
				27E895BF2DE5182100CED508 /* Lec-5UITests */,
			);
			name = "Lec-5UITests";
			packageProductDependencies = (
			);
			productName = "Lec-5UITests";
			productReference = 27E895BC2DE5182100CED508 /* Lec-5UITests.xctest */;
			productType = "com.apple.product-type.bundle.ui-testing";
		};
/* End PBXNativeTarget section */

/* Begin PBXProject section */
		27E8958F2DE5181F00CED508 /* Project object */ = {
			isa = PBXProject;
			attributes = {
				BuildIndependentTargetsInParallel = 1;
				LastUpgradeCheck = 1620;
				TargetAttributes = {
					27E895962DE5181F00CED508 = {
						CreatedOnToolsVersion = 16.2;
					};
					27E895B12DE5182100CED508 = {
						CreatedOnToolsVersion = 16.2;
						TestTargetID = 27E895962DE5181F00CED508;
					};
					27E895BB2DE5182100CED508 = {
						CreatedOnToolsVersion = 16.2;
						TestTargetID = 27E895962DE5181F00CED508;
					};
				};
			};
			buildConfigurationList = 27E895922DE5181F00CED508 /* Build configuration list for PBXProject "Lec-5" */;
			developmentRegion = en;
			hasScannedForEncodings = 0;
			knownRegions = (
				en,
				Base,
			);
			mainGroup = 27E8958E2DE5181F00CED508;
			minimizedProjectReferenceProxies = 1;
			preferredProjectObjectVersion = 77;
			productRefGroup = 27E895982DE5181F00CED508 /* Products */;
			projectDirPath = "";
			projectRoot = "";
			targets = (
				27E895962DE5181F00CED508 /* Lec-5 */,
				27E895B12DE5182100CED508 /* Lec-5Tests */,
				27E895BB2DE5182100CED508 /* Lec-5UITests */,
			);
		};
/* End PBXProject section */

/* Begin PBXResourcesBuildPhase section */
		27E895952DE5181F00CED508 /* Resources */ = {
			isa = PBXResourcesBuildPhase;
			buildActionMask = 2147483647;
			files = (
			);
			runOnlyForDeploymentPostprocessing = 0;
		};
		27E895B02DE5182100CED508 /* Resources */ = {
			isa = PBXResourcesBuildPhase;
			buildActionMask = 2147483647;
			files = (
			);
			runOnlyForDeploymentPostprocessing = 0;
		};
		27E895BA2DE5182100CED508 /* Resources */ = {
			isa = PBXResourcesBuildPhase;
			buildActionMask = 2147483647;
			files = (
			);
			runOnlyForDeploymentPostprocessing = 0;
		};
/* End PBXResourcesBuildPhase section */

/* Begin PBXSourcesBuildPhase section */
		27E895932DE5181F00CED508 /* Sources */ = {
			isa = PBXSourcesBuildPhase;
			buildActionMask = 2147483647;
			files = (
			);
			runOnlyForDeploymentPostprocessing = 0;
		};
		27E895AE2DE5182100CED508 /* Sources */ = {
			isa = PBXSourcesBuildPhase;
			buildActionMask = 2147483647;
			files = (
			);
			runOnlyForDeploymentPostprocessing = 0;
		};
		27E895B82DE5182100CED508 /* Sources */ = {
			isa = PBXSourcesBuildPhase;
			buildActionMask = 2147483647;
			files = (
			);
			runOnlyForDeploymentPostprocessing = 0;
		};
/* End PBXSourcesBuildPhase section */

/* Begin PBXTargetDependency section */
		27E895B42DE5182100CED508 /* PBXTargetDependency */ = {
			isa = PBXTargetDependency;
			target = 27E895962DE5181F00CED508 /* Lec-5 */;
			targetProxy = 27E895B32DE5182100CED508 /* PBXContainerItemProxy */;
		};
		27E895BE2DE5182100CED508 /* PBXTargetDependency */ = {
			isa = PBXTargetDependency;
			target = 27E895962DE5181F00CED508 /* Lec-5 */;
			targetProxy = 27E895BD2DE5182100CED508 /* PBXContainerItemProxy */;
		};
/* End PBXTargetDependency section */

/* Begin XCBuildConfiguration section */
		27E895C62DE5182100CED508 /* Debug */ = {
			isa = XCBuildConfiguration;
			buildSettings = {
				ASSETCATALOG_COMPILER_APPICON_NAME = AppIcon;
				ASSETCATALOG_COMPILER_GLOBAL_ACCENT_COLOR_NAME = AccentColor;
				CODE_SIGN_STYLE = Automatic;
				CURRENT_PROJECT_VERSION = 1;
				GENERATE_INFOPLIST_FILE = YES;
				INFOPLIST_FILE = "Lec-5/Info.plist";
				INFOPLIST_KEY_UIApplicationSupportsIndirectInputEvents = YES;
				INFOPLIST_KEY_UILaunchStoryboardName = LaunchScreen;
				INFOPLIST_KEY_UIMainStoryboardFile = Main;
				INFOPLIST_KEY_UISupportedInterfaceOrientations_iPad = "UIInterfaceOrientationPortrait UIInterfaceOrientationPortraitUpsideDown UIInterfaceOrientationLandscapeLeft UIInterfaceOrientationLandscapeRight";
				INFOPLIST_KEY_UISupportedInterfaceOrientations_iPhone = "UIInterfaceOrientationPortrait UIInterfaceOrientationLandscapeLeft UIInterfaceOrientationLandscapeRight";
				LD_RUNPATH_SEARCH_PATHS = (
					"$(inherited)",
					"@executable_path/Frameworks",
				);
				MARKETING_VERSION = 1.0;
				PRODUCT_BUNDLE_IDENTIFIER = "CCBST-college.Lec-5";
				PRODUCT_NAME = "$(TARGET_NAME)";
				SWIFT_EMIT_LOC_STRINGS = YES;
				TARGETED_DEVICE_FAMILY = "1,2";
			};
			name = Debug;
		};
		27E895C72DE5182100CED508 /* Release */ = {
			isa = XCBuildConfiguration;
			buildSettings = {
				ASSETCATALOG_COMPILER_APPICON_NAME = AppIcon;
				ASSETCATALOG_COMPILER_GLOBAL_ACCENT_COLOR_NAME = AccentColor;
				CODE_SIGN_STYLE = Automatic;
				CURRENT_PROJECT_VERSION = 1;
				GENERATE_INFOPLIST_FILE = YES;
				INFOPLIST_FILE = "Lec-5/Info.plist";
				INFOPLIST_KEY_UIApplicationSupportsIndirectInputEvents = YES;
				INFOPLIST_KEY_UILaunchStoryboardName = LaunchScreen;
				INFOPLIST_KEY_UIMainStoryboardFile = Main;
				INFOPLIST_KEY_UISupportedInterfaceOrientations_iPad = "UIInterfaceOrientationPortrait UIInterfaceOrientationPortraitUpsideDown UIInterfaceOrientationLandscapeLeft UIInterfaceOrientationLandscapeRight";
				INFOPLIST_KEY_UISupportedInterfaceOrientations_iPhone = "UIInterfaceOrientationPortrait UIInterfaceOrientationLandscapeLeft UIInterfaceOrientationLandscapeRight";
				LD_RUNPATH_SEARCH_PATHS = (
					"$(inherited)",
					"@executable_path/Frameworks",
				);
				MARKETING_VERSION = 1.0;
				PRODUCT_BUNDLE_IDENTIFIER = "CCBST-college.Lec-5";
				PRODUCT_NAME = "$(TARGET_NAME)";
				SWIFT_EMIT_LOC_STRINGS = YES;
				TARGETED_DEVICE_FAMILY = "1,2";
			};
			name = Release;
		};
		27E895C82DE5182100CED508 /* Debug */ = {
			isa = XCBuildConfiguration;
			buildSettings = {
				ALWAYS_SEARCH_USER_PATHS = NO;
				ASSETCATALOG_COMPILER_GENERATE_SWIFT_ASSET_SYMBOL_EXTENSIONS = YES;
				CLANG_ANALYZER_NONNULL = YES;
				CLANG_ANALYZER_NUMBER_OBJECT_CONVERSION = YES_AGGRESSIVE;
				CLANG_CXX_LANGUAGE_STANDARD = "gnu++20";
				CLANG_ENABLE_MODULES = YES;
				CLANG_ENABLE_OBJC_ARC = YES;
				CLANG_ENABLE_OBJC_WEAK = YES;
				CLANG_WARN_BLOCK_CAPTURE_AUTORELEASING = YES;
				CLANG_WARN_BOOL_CONVERSION = YES;
				CLANG_WARN_COMMA = YES;
				CLANG_WARN_CONSTANT_CONVERSION = YES;
				CLANG_WARN_DEPRECATED_OBJC_IMPLEMENTATIONS = YES;
				CLANG_WARN_DIRECT_OBJC_ISA_USAGE = YES_ERROR;
				CLANG_WARN_DOCUMENTATION_COMMENTS = YES;
				CLANG_WARN_EMPTY_BODY = YES;
				CLANG_WARN_ENUM_CONVERSION = YES;
				CLANG_WARN_INFINITE_RECURSION = YES;
				CLANG_WARN_INT_CONVERSION = YES;
				CLANG_WARN_NON_LITERAL_NULL_CONVERSION = YES;
				CLANG_WARN_OBJC_IMPLICIT_RETAIN_SELF = YES;
				CLANG_WARN_OBJC_LITERAL_CONVERSION = YES;
				CLANG_WARN_OBJC_ROOT_CLASS = YES_ERROR;
				CLANG_WARN_QUOTED_INCLUDE_IN_FRAMEWORK_HEADER = YES;
				CLANG_WARN_RANGE_LOOP_ANALYSIS = YES;
				CLANG_WARN_STRICT_PROTOTYPES = YES;
				CLANG_WARN_SUSPICIOUS_MOVE = YES;
				CLANG_WARN_UNGUARDED_AVAILABILITY = YES_AGGRESSIVE;
				CLANG_WARN_UNREACHABLE_CODE = YES;
				CLANG_WARN__DUPLICATE_METHOD_MATCH = YES;
				COPY_PHASE_STRIP = NO;
				DEBUG_INFORMATION_FORMAT = dwarf;
				ENABLE_STRICT_OBJC_MSGSEND = YES;
				ENABLE_TESTABILITY = YES;
				ENABLE_USER_SCRIPT_SANDBOXING = YES;
				GCC_C_LANGUAGE_STANDARD = gnu17;
				GCC_DYNAMIC_NO_PIC = NO;
				GCC_NO_COMMON_BLOCKS = YES;
				GCC_OPTIMIZATION_LEVEL = 0;
				GCC_PREPROCESSOR_DEFINITIONS = (
					"DEBUG=1",
					"$(inherited)",
				);
				GCC_WARN_64_TO_32_BIT_CONVERSION = YES;
				GCC_WARN_ABOUT_RETURN_TYPE = YES_ERROR;
				GCC_WARN_UNDECLARED_SELECTOR = YES;
				GCC_WARN_UNINITIALIZED_AUTOS = YES_AGGRESSIVE;
				GCC_WARN_UNUSED_FUNCTION = YES;
				GCC_WARN_UNUSED_VARIABLE = YES;
				IPHONEOS_DEPLOYMENT_TARGET = 18.2;
				LOCALIZATION_PREFERS_STRING_CATALOGS = YES;
				MTL_ENABLE_DEBUG_INFO = INCLUDE_SOURCE;
				MTL_FAST_MATH = YES;
				ONLY_ACTIVE_ARCH = YES;
				SDKROOT = iphoneos;
			};
			name = Debug;
		};
		27E895C92DE5182100CED508 /* Release */ = {
			isa = XCBuildConfiguration;
			buildSettings = {
				ALWAYS_SEARCH_USER_PATHS = NO;
				ASSETCATALOG_COMPILER_GENERATE_SWIFT_ASSET_SYMBOL_EXTENSIONS = YES;
				CLANG_ANALYZER_NONNULL = YES;
				CLANG_ANALYZER_NUMBER_OBJECT_CONVERSION = YES_AGGRESSIVE;
				CLANG_CXX_LANGUAGE_STANDARD = "gnu++20";
				CLANG_ENABLE_MODULES = YES;
				CLANG_ENABLE_OBJC_ARC = YES;
				CLANG_ENABLE_OBJC_WEAK = YES;
				CLANG_WARN_BLOCK_CAPTURE_AUTORELEASING = YES;
				CLANG_WARN_BOOL_CONVERSION = YES;
				CLANG_WARN_COMMA = YES;
				CLANG_WARN_CONSTANT_CONVERSION = YES;
				CLANG_WARN_DEPRECATED_OBJC_IMPLEMENTATIONS = YES;
				CLANG_WARN_DIRECT_OBJC_ISA_USAGE = YES_ERROR;
				CLANG_WARN_DOCUMENTATION_COMMENTS = YES;
				CLANG_WARN_EMPTY_BODY = YES;
				CLANG_WARN_ENUM_CONVERSION = YES;
				CLANG_WARN_INFINITE_RECURSION = YES;
				CLANG_WARN_INT_CONVERSION = YES;
				CLANG_WARN_NON_LITERAL_NULL_CONVERSION = YES;
				CLANG_WARN_OBJC_IMPLICIT_RETAIN_SELF = YES;
				CLANG_WARN_OBJC_LITERAL_CONVERSION = YES;
				CLANG_WARN_OBJC_ROOT_CLASS = YES_ERROR;
				CLANG_WARN_QUOTED_INCLUDE_IN_FRAMEWORK_HEADER = YES;
				CLANG_WARN_RANGE_LOOP_ANALYSIS = YES;
				CLANG_WARN_STRICT_PROTOTYPES = YES;
				CLANG_WARN_SUSPICIOUS_MOVE = YES;
				CLANG_WARN_UNGUARDED_AVAILABILITY = YES_AGGRESSIVE;
				CLANG_WARN_UNREACHABLE_CODE = YES;
				CLANG_WARN__DUPLICATE_METHOD_MATCH = YES;
				COPY_PHASE_STRIP = NO;
				DEBUG_INFORMATION_FORMAT = "dwarf-with-dsym";
				ENABLE_NS_ASSERTIONS = NO;
				ENABLE_STRICT_OBJC_MSGSEND = YES;
				ENABLE_USER_SCRIPT_SANDBOXING = YES;
				GCC_C_LANGUAGE_STANDARD = gnu17;
				GCC_NO_COMMON_BLOCKS = YES;
				GCC_WARN_64_TO_32_BIT_CONVERSION = YES;
				GCC_WARN_ABOUT_RETURN_TYPE = YES_ERROR;
				GCC_WARN_UNDECLARED_SELECTOR = YES;
				GCC_WARN_UNINITIALIZED_AUTOS = YES_AGGRESSIVE;
				GCC_WARN_UNUSED_FUNCTION = YES;
				GCC_WARN_UNUSED_VARIABLE = YES;
				IPHONEOS_DEPLOYMENT_TARGET = 18.2;
				LOCALIZATION_PREFERS_STRING_CATALOGS = YES;
				MTL_ENABLE_DEBUG_INFO = NO;
				MTL_FAST_MATH = YES;
				SDKROOT = iphoneos;
				VALIDATE_PRODUCT = YES;
			};
			name = Release;
		};
		27E895CB2DE5182100CED508 /* Debug */ = {
			isa = XCBuildConfiguration;
			buildSettings = {
				BUNDLE_LOADER = "$(TEST_HOST)";
				CODE_SIGN_STYLE = Automatic;
				CURRENT_PROJECT_VERSION = 1;
				GENERATE_INFOPLIST_FILE = YES;
				IPHONEOS_DEPLOYMENT_TARGET = 18.2;
				MARKETING_VERSION = 1.0;
				PRODUCT_BUNDLE_IDENTIFIER = "CCBST-college.Lec-5Tests";
				PRODUCT_NAME = "$(TARGET_NAME)";
				SWIFT_EMIT_LOC_STRINGS = NO;
				TARGETED_DEVICE_FAMILY = "1,2";
				TEST_HOST = "$(BUILT_PRODUCTS_DIR)/Lec-5.app/$(BUNDLE_EXECUTABLE_FOLDER_PATH)/Lec-5";
			};
			name = Debug;
		};
		27E895CC2DE5182100CED508 /* Release */ = {
			isa = XCBuildConfiguration;
			buildSettings = {
				BUNDLE_LOADER = "$(TEST_HOST)";
				CODE_SIGN_STYLE = Automatic;
				CURRENT_PROJECT_VERSION = 1;
				GENERATE_INFOPLIST_FILE = YES;
				IPHONEOS_DEPLOYMENT_TARGET = 18.2;
				MARKETING_VERSION = 1.0;
				PRODUCT_BUNDLE_IDENTIFIER = "CCBST-college.Lec-5Tests";
				PRODUCT_NAME = "$(TARGET_NAME)";
				SWIFT_EMIT_LOC_STRINGS = NO;
				TARGETED_DEVICE_FAMILY = "1,2";
				TEST_HOST = "$(BUILT_PRODUCTS_DIR)/Lec-5.app/$(BUNDLE_EXECUTABLE_FOLDER_PATH)/Lec-5";
			};
			name = Release;
		};
		27E895CE2DE5182100CED508 /* Debug */ = {
			isa = XCBuildConfiguration;
			buildSettings = {
				CODE_SIGN_STYLE = Automatic;
				CURRENT_PROJECT_VERSION = 1;
				GENERATE_INFOPLIST_FILE = YES;
				MARKETING_VERSION = 1.0;
				PRODUCT_BUNDLE_IDENTIFIER = "CCBST-college.Lec-5UITests";
				PRODUCT_NAME = "$(TARGET_NAME)";
				SWIFT_EMIT_LOC_STRINGS = NO;
				TARGETED_DEVICE_FAMILY = "1,2";
				TEST_TARGET_NAME = "Lec-5";
			};
			name = Debug;
		};
		27E895CF2DE5182100CED508 /* Release */ = {
			isa = XCBuildConfiguration;
			buildSettings = {
				CODE_SIGN_STYLE = Automatic;
				CURRENT_PROJECT_VERSION = 1;
				GENERATE_INFOPLIST_FILE = YES;
				MARKETING_VERSION = 1.0;
				PRODUCT_BUNDLE_IDENTIFIER = "CCBST-college.Lec-5UITests";
				PRODUCT_NAME = "$(TARGET_NAME)";
				SWIFT_EMIT_LOC_STRINGS = NO;
				TARGETED_DEVICE_FAMILY = "1,2";
				TEST_TARGET_NAME = "Lec-5";
			};
			name = Release;
		};
/* End XCBuildConfiguration section */

/* Begin XCConfigurationList section */
		27E895922DE5181F00CED508 /* Build configuration list for PBXProject "Lec-5" */ = {
			isa = XCConfigurationList;
			buildConfigurations = (
				27E895C82DE5182100CED508 /* Debug */,
				27E895C92DE5182100CED508 /* Release */,
			);
			defaultConfigurationIsVisible = 0;
			defaultConfigurationName = Release;
		};
		27E895C52DE5182100CED508 /* Build configuration list for PBXNativeTarget "Lec-5" */ = {
			isa = XCConfigurationList;
			buildConfigurations = (
				27E895C62DE5182100CED508 /* Debug */,
				27E895C72DE5182100CED508 /* Release */,
			);
			defaultConfigurationIsVisible = 0;
			defaultConfigurationName = Release;
		};
		27E895CA2DE5182100CED508 /* Build configuration list for PBXNativeTarget "Lec-5Tests" */ = {
			isa = XCConfigurationList;
			buildConfigurations = (
				27E895CB2DE5182100CED508 /* Debug */,
				27E895CC2DE5182100CED508 /* Release */,
			);
			defaultConfigurationIsVisible = 0;
			defaultConfigurationName = Release;
		};
		27E895CD2DE5182100CED508 /* Build configuration list for PBXNativeTarget "Lec-5UITests" */ = {
			isa = XCConfigurationList;
			buildConfigurations = (
				27E895CE2DE5182100CED508 /* Debug */,
				27E895CF2DE5182100CED508 /* Release */,
			);
			defaultConfigurationIsVisible = 0;
			defaultConfigurationName = Release;
		};
/* End XCConfigurationList section */
	};
	rootObject = 27E8958F2DE5181F00CED508 /* Project object */;
}
