// !$*UTF8*$!
{
	archiveVersion = 1;
	classes = {
	};
	objectVersion = 77;
	objects = {

/* Begin PBXContainerItemProxy section */
		2761AD632DCC0A5000A03495 /* PBXContainerItemProxy */ = {
			isa = PBXContainerItemProxy;
			containerPortal = 2761AD452DCC0A4F00A03495 /* Project object */;
			proxyType = 1;
			remoteGlobalIDString = 2761AD4C2DCC0A4F00A03495;
			remoteInfo = "Lec-4";
		};
		2761AD6D2DCC0A5000A03495 /* PBXContainerItemProxy */ = {
			isa = PBXContainerItemProxy;
			containerPortal = 2761AD452DCC0A4F00A03495 /* Project object */;
			proxyType = 1;
			remoteGlobalIDString = 2761AD4C2DCC0A4F00A03495;
			remoteInfo = "Lec-4";
		};
/* End PBXContainerItemProxy section */

/* Begin PBXFileReference section */
		2761AD4D2DCC0A4F00A03495 /* Lec-4.app */ = {isa = PBXFileReference; explicitFileType = wrapper.application; includeInIndex = 0; path = "Lec-4.app"; sourceTree = BUILT_PRODUCTS_DIR; };
		2761AD622DCC0A5000A03495 /* Lec-4Tests.xctest */ = {isa = PBXFileReference; explicitFileType = wrapper.cfbundle; includeInIndex = 0; path = "Lec-4Tests.xctest"; sourceTree = BUILT_PRODUCTS_DIR; };
		2761AD6C2DCC0A5000A03495 /* Lec-4UITests.xctest */ = {isa = PBXFileReference; explicitFileType = wrapper.cfbundle; includeInIndex = 0; path = "Lec-4UITests.xctest"; sourceTree = BUILT_PRODUCTS_DIR; };
/* End PBXFileReference section */

/* Begin PBXFileSystemSynchronizedRootGroup section */
		2761AD4F2DCC0A4F00A03495 /* Lec-4 */ = {
			isa = PBXFileSystemSynchronizedRootGroup;
			path = "Lec-4";
			sourceTree = "<group>";
		};
		2761AD652DCC0A5000A03495 /* Lec-4Tests */ = {
			isa = PBXFileSystemSynchronizedRootGroup;
			path = "Lec-4Tests";
			sourceTree = "<group>";
		};
		2761AD6F2DCC0A5000A03495 /* Lec-4UITests */ = {
			isa = PBXFileSystemSynchronizedRootGroup;
			path = "Lec-4UITests";
			sourceTree = "<group>";
		};
/* End PBXFileSystemSynchronizedRootGroup section */

/* Begin PBXFrameworksBuildPhase section */
		2761AD4A2DCC0A4F00A03495 /* Frameworks */ = {
			isa = PBXFrameworksBuildPhase;
			buildActionMask = 2147483647;
			files = (
			);
			runOnlyForDeploymentPostprocessing = 0;
		};
		2761AD5F2DCC0A5000A03495 /* Frameworks */ = {
			isa = PBXFrameworksBuildPhase;
			buildActionMask = 2147483647;
			files = (
			);
			runOnlyForDeploymentPostprocessing = 0;
		};
		2761AD692DCC0A5000A03495 /* Frameworks */ = {
			isa = PBXFrameworksBuildPhase;
			buildActionMask = 2147483647;
			files = (
			);
			runOnlyForDeploymentPostprocessing = 0;
		};
/* End PBXFrameworksBuildPhase section */

/* Begin PBXGroup section */
		2761AD442DCC0A4F00A03495 = {
			isa = PBXGroup;
			children = (
				2761AD4F2DCC0A4F00A03495 /* Lec-4 */,
				2761AD652DCC0A5000A03495 /* Lec-4Tests */,
				2761AD6F2DCC0A5000A03495 /* Lec-4UITests */,
				2761AD4E2DCC0A4F00A03495 /* Products */,
			);
			sourceTree = "<group>";
		};
		2761AD4E2DCC0A4F00A03495 /* Products */ = {
			isa = PBXGroup;
			children = (
				2761AD4D2DCC0A4F00A03495 /* Lec-4.app */,
				2761AD622DCC0A5000A03495 /* Lec-4Tests.xctest */,
				2761AD6C2DCC0A5000A03495 /* Lec-4UITests.xctest */,
			);
			name = Products;
			sourceTree = "<group>";
		};
/* End PBXGroup section */

/* Begin PBXNativeTarget section */
		2761AD4C2DCC0A4F00A03495 /* Lec-4 */ = {
			isa = PBXNativeTarget;
			buildConfigurationList = 2761AD762DCC0A5000A03495 /* Build configuration list for PBXNativeTarget "Lec-4" */;
			buildPhases = (
				2761AD492DCC0A4F00A03495 /* Sources */,
				2761AD4A2DCC0A4F00A03495 /* Frameworks */,
				2761AD4B2DCC0A4F00A03495 /* Resources */,
			);
			buildRules = (
			);
			dependencies = (
			);
			fileSystemSynchronizedGroups = (
				2761AD4F2DCC0A4F00A03495 /* Lec-4 */,
			);
			name = "Lec-4";
			packageProductDependencies = (
			);
			productName = "Lec-4";
			productReference = 2761AD4D2DCC0A4F00A03495 /* Lec-4.app */;
			productType = "com.apple.product-type.application";
		};
		2761AD612DCC0A5000A03495 /* Lec-4Tests */ = {
			isa = PBXNativeTarget;
			buildConfigurationList = 2761AD792DCC0A5000A03495 /* Build configuration list for PBXNativeTarget "Lec-4Tests" */;
			buildPhases = (
				2761AD5E2DCC0A5000A03495 /* Sources */,
				2761AD5F2DCC0A5000A03495 /* Frameworks */,
				2761AD602DCC0A5000A03495 /* Resources */,
			);
			buildRules = (
			);
			dependencies = (
				2761AD642DCC0A5000A03495 /* PBXTargetDependency */,
			);
			fileSystemSynchronizedGroups = (
				2761AD652DCC0A5000A03495 /* Lec-4Tests */,
			);
			name = "Lec-4Tests";
			packageProductDependencies = (
			);
			productName = "Lec-4Tests";
			productReference = 2761AD622DCC0A5000A03495 /* Lec-4Tests.xctest */;
			productType = "com.apple.product-type.bundle.unit-test";
		};
		2761AD6B2DCC0A5000A03495 /* Lec-4UITests */ = {
			isa = PBXNativeTarget;
			buildConfigurationList = 2761AD7C2DCC0A5000A03495 /* Build configuration list for PBXNativeTarget "Lec-4UITests" */;
			buildPhases = (
				2761AD682DCC0A5000A03495 /* Sources */,
				2761AD692DCC0A5000A03495 /* Frameworks */,
				2761AD6A2DCC0A5000A03495 /* Resources */,
			);
			buildRules = (
			);
			dependencies = (
				2761AD6E2DCC0A5000A03495 /* PBXTargetDependency */,
			);
			fileSystemSynchronizedGroups = (
				2761AD6F2DCC0A5000A03495 /* Lec-4UITests */,
			);
			name = "Lec-4UITests";
			packageProductDependencies = (
			);
			productName = "Lec-4UITests";
			productReference = 2761AD6C2DCC0A5000A03495 /* Lec-4UITests.xctest */;
			productType = "com.apple.product-type.bundle.ui-testing";
		};
/* End PBXNativeTarget section */

/* Begin PBXProject section */
		2761AD452DCC0A4F00A03495 /* Project object */ = {
			isa = PBXProject;
			attributes = {
				BuildIndependentTargetsInParallel = 1;
				LastUpgradeCheck = 1620;
				TargetAttributes = {
					2761AD4C2DCC0A4F00A03495 = {
						CreatedOnToolsVersion = 16.2;
					};
					2761AD612DCC0A5000A03495 = {
						CreatedOnToolsVersion = 16.2;
						TestTargetID = 2761AD4C2DCC0A4F00A03495;
					};
					2761AD6B2DCC0A5000A03495 = {
						CreatedOnToolsVersion = 16.2;
						TestTargetID = 2761AD4C2DCC0A4F00A03495;
					};
				};
			};
			buildConfigurationList = 2761AD482DCC0A4F00A03495 /* Build configuration list for PBXProject "Lec-4" */;
			developmentRegion = en;
			hasScannedForEncodings = 0;
			knownRegions = (
				en,
				Base,
			);
			mainGroup = 2761AD442DCC0A4F00A03495;
			minimizedProjectReferenceProxies = 1;
			preferredProjectObjectVersion = 77;
			productRefGroup = 2761AD4E2DCC0A4F00A03495 /* Products */;
			projectDirPath = "";
			projectRoot = "";
			targets = (
				2761AD4C2DCC0A4F00A03495 /* Lec-4 */,
				2761AD612DCC0A5000A03495 /* Lec-4Tests */,
				2761AD6B2DCC0A5000A03495 /* Lec-4UITests */,
			);
		};
/* End PBXProject section */

/* Begin PBXResourcesBuildPhase section */
		2761AD4B2DCC0A4F00A03495 /* Resources */ = {
			isa = PBXResourcesBuildPhase;
			buildActionMask = 2147483647;
			files = (
			);
			runOnlyForDeploymentPostprocessing = 0;
		};
		2761AD602DCC0A5000A03495 /* Resources */ = {
			isa = PBXResourcesBuildPhase;
			buildActionMask = 2147483647;
			files = (
			);
			runOnlyForDeploymentPostprocessing = 0;
		};
		2761AD6A2DCC0A5000A03495 /* Resources */ = {
			isa = PBXResourcesBuildPhase;
			buildActionMask = 2147483647;
			files = (
			);
			runOnlyForDeploymentPostprocessing = 0;
		};
/* End PBXResourcesBuildPhase section */

/* Begin PBXSourcesBuildPhase section */
		2761AD492DCC0A4F00A03495 /* Sources */ = {
			isa = PBXSourcesBuildPhase;
			buildActionMask = 2147483647;
			files = (
			);
			runOnlyForDeploymentPostprocessing = 0;
		};
		2761AD5E2DCC0A5000A03495 /* Sources */ = {
			isa = PBXSourcesBuildPhase;
			buildActionMask = 2147483647;
			files = (
			);
			runOnlyForDeploymentPostprocessing = 0;
		};
		2761AD682DCC0A5000A03495 /* Sources */ = {
			isa = PBXSourcesBuildPhase;
			buildActionMask = 2147483647;
			files = (
			);
			runOnlyForDeploymentPostprocessing = 0;
		};
/* End PBXSourcesBuildPhase section */

/* Begin PBXTargetDependency section */
		2761AD642DCC0A5000A03495 /* PBXTargetDependency */ = {
			isa = PBXTargetDependency;
			target = 2761AD4C2DCC0A4F00A03495 /* Lec-4 */;
			targetProxy = 2761AD632DCC0A5000A03495 /* PBXContainerItemProxy */;
		};
		2761AD6E2DCC0A5000A03495 /* PBXTargetDependency */ = {
			isa = PBXTargetDependency;
			target = 2761AD4C2DCC0A4F00A03495 /* Lec-4 */;
			targetProxy = 2761AD6D2DCC0A5000A03495 /* PBXContainerItemProxy */;
		};
/* End PBXTargetDependency section */

/* Begin XCBuildConfiguration section */
		2761AD742DCC0A5000A03495 /* Debug */ = {
			isa = XCBuildConfiguration;
			buildSettings = {
				ALWAYS_SEARCH_USER_PATHS = NO;
				ASSETCATALOG_COMPILER_GENERATE_SWIFT_ASSET_SYMBOL_EXTENSIONS = YES;
				CLANG_ANALYZER_NONNULL = YES;
				CLANG_ANALYZER_NUMBER_OBJECT_CONVERSION = YES_AGGRESSIVE;
				CLANG_CXX_LANGUAGE_STANDARD = "gnu++20";
				CLANG_ENABLE_MODULES = YES;
				CLANG_ENABLE_OBJC_ARC = YES;
				CLANG_ENABLE_OBJC_WEAK = YES;
				CLANG_WARN_BLOCK_CAPTURE_AUTORELEASING = YES;
				CLANG_WARN_BOOL_CONVERSION = YES;
				CLANG_WARN_COMMA = YES;
				CLANG_WARN_CONSTANT_CONVERSION = YES;
				CLANG_WARN_DEPRECATED_OBJC_IMPLEMENTATIONS = YES;
				CLANG_WARN_DIRECT_OBJC_ISA_USAGE = YES_ERROR;
				CLANG_WARN_DOCUMENTATION_COMMENTS = YES;
				CLANG_WARN_EMPTY_BODY = YES;
				CLANG_WARN_ENUM_CONVERSION = YES;
				CLANG_WARN_INFINITE_RECURSION = YES;
				CLANG_WARN_INT_CONVERSION = YES;
				CLANG_WARN_NON_LITERAL_NULL_CONVERSION = YES;
				CLANG_WARN_OBJC_IMPLICIT_RETAIN_SELF = YES;
				CLANG_WARN_OBJC_LITERAL_CONVERSION = YES;
				CLANG_WARN_OBJC_ROOT_CLASS = YES_ERROR;
				CLANG_WARN_QUOTED_INCLUDE_IN_FRAMEWORK_HEADER = YES;
				CLANG_WARN_RANGE_LOOP_ANALYSIS = YES;
				CLANG_WARN_STRICT_PROTOTYPES = YES;
				CLANG_WARN_SUSPICIOUS_MOVE = YES;
				CLANG_WARN_UNGUARDED_AVAILABILITY = YES_AGGRESSIVE;
				CLANG_WARN_UNREACHABLE_CODE = YES;
				CLANG_WARN__DUPLICATE_METHOD_MATCH = YES;
				COPY_PHASE_STRIP = NO;
				DEBUG_INFORMATION_FORMAT = dwarf;
				ENABLE_STRICT_OBJC_MSGSEND = YES;
				ENABLE_TESTABILITY = YES;
				ENABLE_USER_SCRIPT_SANDBOXING = YES;
				GCC_C_LANGUAGE_STANDARD = gnu17;
				GCC_DYNAMIC_NO_PIC = NO;
				GCC_NO_COMMON_BLOCKS = YES;
				GCC_OPTIMIZATION_LEVEL = 0;
				GCC_PREPROCESSOR_DEFINITIONS = (
					"DEBUG=1",
					"$(inherited)",
				);
				GCC_WARN_64_TO_32_BIT_CONVERSION = YES;
				GCC_WARN_ABOUT_RETURN_TYPE = YES_ERROR;
				GCC_WARN_UNDECLARED_SELECTOR = YES;
				GCC_WARN_UNINITIALIZED_AUTOS = YES_AGGRESSIVE;
				GCC_WARN_UNUSED_FUNCTION = YES;
				GCC_WARN_UNUSED_VARIABLE = YES;
				LOCALIZATION_PREFERS_STRING_CATALOGS = YES;
				MACOSX_DEPLOYMENT_TARGET = 15.0;
				MTL_ENABLE_DEBUG_INFO = INCLUDE_SOURCE;
				MTL_FAST_MATH = YES;
				ONLY_ACTIVE_ARCH = YES;
				SDKROOT = macosx;
			};
			name = Debug;
		};
		2761AD752DCC0A5000A03495 /* Release */ = {
			isa = XCBuildConfiguration;
			buildSettings = {
				ALWAYS_SEARCH_USER_PATHS = NO;
				ASSETCATALOG_COMPILER_GENERATE_SWIFT_ASSET_SYMBOL_EXTENSIONS = YES;
				CLANG_ANALYZER_NONNULL = YES;
				CLANG_ANALYZER_NUMBER_OBJECT_CONVERSION = YES_AGGRESSIVE;
				CLANG_CXX_LANGUAGE_STANDARD = "gnu++20";
				CLANG_ENABLE_MODULES = YES;
				CLANG_ENABLE_OBJC_ARC = YES;
				CLANG_ENABLE_OBJC_WEAK = YES;
				CLANG_WARN_BLOCK_CAPTURE_AUTORELEASING = YES;
				CLANG_WARN_BOOL_CONVERSION = YES;
				CLANG_WARN_COMMA = YES;
				CLANG_WARN_CONSTANT_CONVERSION = YES;
				CLANG_WARN_DEPRECATED_OBJC_IMPLEMENTATIONS = YES;
				CLANG_WARN_DIRECT_OBJC_ISA_USAGE = YES_ERROR;
				CLANG_WARN_DOCUMENTATION_COMMENTS = YES;
				CLANG_WARN_EMPTY_BODY = YES;
				CLANG_WARN_ENUM_CONVERSION = YES;
				CLANG_WARN_INFINITE_RECURSION = YES;
				CLANG_WARN_INT_CONVERSION = YES;
				CLANG_WARN_NON_LITERAL_NULL_CONVERSION = YES;
				CLANG_WARN_OBJC_IMPLICIT_RETAIN_SELF = YES;
				CLANG_WARN_OBJC_LITERAL_CONVERSION = YES;
				CLANG_WARN_OBJC_ROOT_CLASS = YES_ERROR;
				CLANG_WARN_QUOTED_INCLUDE_IN_FRAMEWORK_HEADER = YES;
				CLANG_WARN_RANGE_LOOP_ANALYSIS = YES;
				CLANG_WARN_STRICT_PROTOTYPES = YES;
				CLANG_WARN_SUSPICIOUS_MOVE = YES;
				CLANG_WARN_UNGUARDED_AVAILABILITY = YES_AGGRESSIVE;
				CLANG_WARN_UNREACHABLE_CODE = YES;
				CLANG_WARN__DUPLICATE_METHOD_MATCH = YES;
				COPY_PHASE_STRIP = NO;
				DEBUG_INFORMATION_FORMAT = "dwarf-with-dsym";
				ENABLE_NS_ASSERTIONS = NO;
				ENABLE_STRICT_OBJC_MSGSEND = YES;
				ENABLE_USER_SCRIPT_SANDBOXING = YES;
				GCC_C_LANGUAGE_STANDARD = gnu17;
				GCC_NO_COMMON_BLOCKS = YES;
				GCC_WARN_64_TO_32_BIT_CONVERSION = YES;
				GCC_WARN_ABOUT_RETURN_TYPE = YES_ERROR;
				GCC_WARN_UNDECLARED_SELECTOR = YES;
				GCC_WARN_UNINITIALIZED_AUTOS = YES_AGGRESSIVE;
				GCC_WARN_UNUSED_FUNCTION = YES;
				GCC_WARN_UNUSED_VARIABLE = YES;
				LOCALIZATION_PREFERS_STRING_CATALOGS = YES;
				MACOSX_DEPLOYMENT_TARGET = 15.0;
				MTL_ENABLE_DEBUG_INFO = NO;
				MTL_FAST_MATH = YES;
				SDKROOT = macosx;
			};
			name = Release;
		};
		2761AD772DCC0A5000A03495 /* Debug */ = {
			isa = XCBuildConfiguration;
			buildSettings = {
				ASSETCATALOG_COMPILER_APPICON_NAME = AppIcon;
				ASSETCATALOG_COMPILER_GLOBAL_ACCENT_COLOR_NAME = AccentColor;
				CODE_SIGN_ENTITLEMENTS = "Lec-4/Lec_4.entitlements";
				CODE_SIGN_STYLE = Automatic;
				COMBINE_HIDPI_IMAGES = YES;
				CURRENT_PROJECT_VERSION = 1;
				GENERATE_INFOPLIST_FILE = YES;
				INFOPLIST_KEY_NSHumanReadableCopyright = "";
				INFOPLIST_KEY_NSMainStoryboardFile = Main;
				INFOPLIST_KEY_NSPrincipalClass = NSApplication;
				LD_RUNPATH_SEARCH_PATHS = (
					"$(inherited)",
					"@executable_path/../Frameworks",
				);
				MARKETING_VERSION = 1.0;
				PRODUCT_BUNDLE_IDENTIFIER = "CCBST-college.Lec-4";
				PRODUCT_NAME = "$(TARGET_NAME)";
				SWIFT_EMIT_LOC_STRINGS = YES;
			};
			name = Debug;
		};
		2761AD782DCC0A5000A03495 /* Release */ = {
			isa = XCBuildConfiguration;
			buildSettings = {
				ASSETCATALOG_COMPILER_APPICON_NAME = AppIcon;
				ASSETCATALOG_COMPILER_GLOBAL_ACCENT_COLOR_NAME = AccentColor;
				CODE_SIGN_ENTITLEMENTS = "Lec-4/Lec_4.entitlements";
				CODE_SIGN_STYLE = Automatic;
				COMBINE_HIDPI_IMAGES = YES;
				CURRENT_PROJECT_VERSION = 1;
				GENERATE_INFOPLIST_FILE = YES;
				INFOPLIST_KEY_NSHumanReadableCopyright = "";
				INFOPLIST_KEY_NSMainStoryboardFile = Main;
				INFOPLIST_KEY_NSPrincipalClass = NSApplication;
				LD_RUNPATH_SEARCH_PATHS = (
					"$(inherited)",
					"@executable_path/../Frameworks",
				);
				MARKETING_VERSION = 1.0;
				PRODUCT_BUNDLE_IDENTIFIER = "CCBST-college.Lec-4";
				PRODUCT_NAME = "$(TARGET_NAME)";
				SWIFT_EMIT_LOC_STRINGS = YES;
			};
			name = Release;
		};
		2761AD7A2DCC0A5000A03495 /* Debug */ = {
			isa = XCBuildConfiguration;
			buildSettings = {
				BUNDLE_LOADER = "$(TEST_HOST)";
				CODE_SIGN_STYLE = Automatic;
				CURRENT_PROJECT_VERSION = 1;
				GENERATE_INFOPLIST_FILE = YES;
				MACOSX_DEPLOYMENT_TARGET = 15.0;
				MARKETING_VERSION = 1.0;
				PRODUCT_BUNDLE_IDENTIFIER = "CCBST-college.Lec-4Tests";
				PRODUCT_NAME = "$(TARGET_NAME)";
				SWIFT_EMIT_LOC_STRINGS = NO;
				TEST_HOST = "$(BUILT_PRODUCTS_DIR)/Lec-4.app/$(BUNDLE_EXECUTABLE_FOLDER_PATH)/Lec-4";
			};
			name = Debug;
		};
		2761AD7B2DCC0A5000A03495 /* Release */ = {
			isa = XCBuildConfiguration;
			buildSettings = {
				BUNDLE_LOADER = "$(TEST_HOST)";
				CODE_SIGN_STYLE = Automatic;
				CURRENT_PROJECT_VERSION = 1;
				GENERATE_INFOPLIST_FILE = YES;
				MACOSX_DEPLOYMENT_TARGET = 15.0;
				MARKETING_VERSION = 1.0;
				PRODUCT_BUNDLE_IDENTIFIER = "CCBST-college.Lec-4Tests";
				PRODUCT_NAME = "$(TARGET_NAME)";
				SWIFT_EMIT_LOC_STRINGS = NO;
				TEST_HOST = "$(BUILT_PRODUCTS_DIR)/Lec-4.app/$(BUNDLE_EXECUTABLE_FOLDER_PATH)/Lec-4";
			};
			name = Release;
		};
		2761AD7D2DCC0A5000A03495 /* Debug */ = {
			isa = XCBuildConfiguration;
			buildSettings = {
				CODE_SIGN_STYLE = Automatic;
				CURRENT_PROJECT_VERSION = 1;
				GENERATE_INFOPLIST_FILE = YES;
				MARKETING_VERSION = 1.0;
				PRODUCT_BUNDLE_IDENTIFIER = "CCBST-college.Lec-4UITests";
				PRODUCT_NAME = "$(TARGET_NAME)";
				SWIFT_EMIT_LOC_STRINGS = NO;
				TEST_TARGET_NAME = "Lec-4";
			};
			name = Debug;
		};
		2761AD7E2DCC0A5000A03495 /* Release */ = {
			isa = XCBuildConfiguration;
			buildSettings = {
				CODE_SIGN_STYLE = Automatic;
				CURRENT_PROJECT_VERSION = 1;
				GENERATE_INFOPLIST_FILE = YES;
				MARKETING_VERSION = 1.0;
				PRODUCT_BUNDLE_IDENTIFIER = "CCBST-college.Lec-4UITests";
				PRODUCT_NAME = "$(TARGET_NAME)";
				SWIFT_EMIT_LOC_STRINGS = NO;
				TEST_TARGET_NAME = "Lec-4";
			};
			name = Release;
		};
/* End XCBuildConfiguration section */

/* Begin XCConfigurationList section */
		2761AD482DCC0A4F00A03495 /* Build configuration list for PBXProject "Lec-4" */ = {
			isa = XCConfigurationList;
			buildConfigurations = (
				2761AD742DCC0A5000A03495 /* Debug */,
				2761AD752DCC0A5000A03495 /* Release */,
			);
			defaultConfigurationIsVisible = 0;
			defaultConfigurationName = Release;
		};
		2761AD762DCC0A5000A03495 /* Build configuration list for PBXNativeTarget "Lec-4" */ = {
			isa = XCConfigurationList;
			buildConfigurations = (
				2761AD772DCC0A5000A03495 /* Debug */,
				2761AD782DCC0A5000A03495 /* Release */,
			);
			defaultConfigurationIsVisible = 0;
			defaultConfigurationName = Release;
		};
		2761AD792DCC0A5000A03495 /* Build configuration list for PBXNativeTarget "Lec-4Tests" */ = {
			isa = XCConfigurationList;
			buildConfigurations = (
				2761AD7A2DCC0A5000A03495 /* Debug */,
				2761AD7B2DCC0A5000A03495 /* Release */,
			);
			defaultConfigurationIsVisible = 0;
			defaultConfigurationName = Release;
		};
		2761AD7C2DCC0A5000A03495 /* Build configuration list for PBXNativeTarget "Lec-4UITests" */ = {
			isa = XCConfigurationList;
			buildConfigurations = (
				2761AD7D2DCC0A5000A03495 /* Debug */,
				2761AD7E2DCC0A5000A03495 /* Release */,
			);
			defaultConfigurationIsVisible = 0;
			defaultConfigurationName = Release;
		};
/* End XCConfigurationList section */
	};
	rootObject = 2761AD452DCC0A4F00A03495 /* Project object */;
}
